
Microsoft Visual Studio Solution File, Format Version 12.00
# Visual Studio Version 16
VisualStudioVersion = 16.0.32106.194
MinimumVisualStudioVersion = 10.0.40219.1
Project("{2150E333-8FDC-42A3-9474-1A3956D46DE8}") = "Coding_Tasks_1", "Coding_Tasks_1", "{DB6D0D7D-34F4-4ABF-9B15-444A29F4D43B}"
EndProject
Project("{9A19103F-16F7-4668-BE54-9A1E7A4F7556}") = "Game", "Game\Game.csproj", "{7E711C35-BCC4-4F74-BB2F-3291DC12C332}"
EndProject
Project("{9A19103F-16F7-4668-BE54-9A1E7A4F7556}") = "Electronic_Message", "Electronic_Message\Electronic_Message.csproj", "{A7D587E6-68D7-43CE-B4FB-EBD502AAEC79}"
EndProject
Project("{9A19103F-16F7-4668-BE54-9A1E7A4F7556}") = "Pincode", "Pincode\Pincode.csproj", "{A956F23D-3FB7-4711-B683-E0EED169E2A7}"
EndProject
Project("{9A19103F-16F7-4668-BE54-9A1E7A4F7556}") = "Arrangement", "Arrangement\Arrangement.csproj", "{20766CD5-9964-41A4-B7AA-82256C25CF16}"
EndProject
Project("{9A19103F-16F7-4668-BE54-9A1E7A4F7556}") = "Check_For_Play_Card", "Check_For_Play_Card\Check_For_Play_Card.csproj", "{6D2F5E13-D060-417B-AE47-192707123987}"
EndProject
Project("{2150E333-8FDC-42A3-9474-1A3956D46DE8}") = "Coding_Tasks_2", "Coding_Tasks_2", "{39E934A0-933E-4798-B3F8-FD23CA77C052}"
EndProject
Project("{9A19103F-16F7-4668-BE54-9A1E7A4F7556}") = "Biggest_Prime_Number", "Biggest_Prime_Number\Biggest_Prime_Number.csproj", "{3DE81194-47DD-4915-8C4A-89C331752192}"
EndProject
Project("{9A19103F-16F7-4668-BE54-9A1E7A4F7556}") = "Forest_Road", "Forest_Road\Forest_Road.csproj", "{DB15ED40-8AF5-4399-8251-125EB8C912FF}"
EndProject
Project("{9A19103F-16F7-4668-BE54-9A1E7A4F7556}") = "Least_Majority_Multiple", "Least_Majority_Multiple\Least_Majority_Multiple.csproj", "{8A6B991A-8FC0-4C29-8FD5-4367C5BCD6B0}"
EndProject
Project("{9A19103F-16F7-4668-BE54-9A1E7A4F7556}") = "Signal_From_Space", "Signal_From_Space\Signal_From_Space.csproj", "{05270054-2E45-4DD8-99B1-E84B24D8A385}"
EndProject
Project("{9A19103F-16F7-4668-BE54-9A1E7A4F7556}") = "Good_Numbers", "Good_Numbers\Good_Numbers.csproj", "{82E89E46-EACF-480A-9D7E-031D4D814D43}"
EndProject
Project("{2150E333-8FDC-42A3-9474-1A3956D46DE8}") = "Coding_Tasks_3", "Coding_Tasks_3", "{B3987C98-BFF8-419B-9D5F-01E489F0F7CA}"
EndProject
Project("{FAE04EC0-301F-11D3-BF4B-00C04F79EFBC}") = "Array_Search", "Array_Search\Array_Search.csproj", "{8568DCCA-E276-4D70-A84D-C26D804331CB}"
EndProject
Project("{FAE04EC0-301F-11D3-BF4B-00C04F79EFBC}") = "Above_The_Main_Diagonal", "Above_The_Main_Diagonal\Above_The_Main_Diagonal.csproj", "{10E9E5BD-A64E-40BA-BD85-DC3DC3EB8521}"
EndProject
Project("{FAE04EC0-301F-11D3-BF4B-00C04F79EFBC}") = "Combine_Lists", "Combine_Lists\Combine_Lists.csproj", "{5ABEC1A1-1F97-46AA-9BE3-00DCED399E45}"
EndProject
Project("{FAE04EC0-301F-11D3-BF4B-00C04F79EFBC}") = "Most_Frequent", "Most_Frequent\Most_Frequent.csproj", "{2F499303-F94E-414C-A361-0F56D60DC3E6}"
EndProject
Global
	GlobalSection(SolutionConfigurationPlatforms) = preSolution
		Debug|Any CPU = Debug|Any CPU
		Release|Any CPU = Release|Any CPU
	EndGlobalSection
	GlobalSection(ProjectConfigurationPlatforms) = postSolution
		{7E711C35-BCC4-4F74-BB2F-3291DC12C332}.Debug|Any CPU.ActiveCfg = Debug|Any CPU
		{7E711C35-BCC4-4F74-BB2F-3291DC12C332}.Debug|Any CPU.Build.0 = Debug|Any CPU
		{7E711C35-BCC4-4F74-BB2F-3291DC12C332}.Release|Any CPU.ActiveCfg = Release|Any CPU
		{7E711C35-BCC4-4F74-BB2F-3291DC12C332}.Release|Any CPU.Build.0 = Release|Any CPU
		{A7D587E6-68D7-43CE-B4FB-EBD502AAEC79}.Debug|Any CPU.ActiveCfg = Debug|Any CPU
		{A7D587E6-68D7-43CE-B4FB-EBD502AAEC79}.Debug|Any CPU.Build.0 = Debug|Any CPU
		{A7D587E6-68D7-43CE-B4FB-EBD502AAEC79}.Release|Any CPU.ActiveCfg = Release|Any CPU
		{A7D587E6-68D7-43CE-B4FB-EBD502AAEC79}.Release|Any CPU.Build.0 = Release|Any CPU
		{A956F23D-3FB7-4711-B683-E0EED169E2A7}.Debug|Any CPU.ActiveCfg = Debug|Any CPU
		{A956F23D-3FB7-4711-B683-E0EED169E2A7}.Debug|Any CPU.Build.0 = Debug|Any CPU
		{A956F23D-3FB7-4711-B683-E0EED169E2A7}.Release|Any CPU.ActiveCfg = Release|Any CPU
		{A956F23D-3FB7-4711-B683-E0EED169E2A7}.Release|Any CPU.Build.0 = Release|Any CPU
		{20766CD5-9964-41A4-B7AA-82256C25CF16}.Debug|Any CPU.ActiveCfg = Debug|Any CPU
		{20766CD5-9964-41A4-B7AA-82256C25CF16}.Debug|Any CPU.Build.0 = Debug|Any CPU
		{20766CD5-9964-41A4-B7AA-82256C25CF16}.Release|Any CPU.ActiveCfg = Release|Any CPU
		{20766CD5-9964-41A4-B7AA-82256C25CF16}.Release|Any CPU.Build.0 = Release|Any CPU
		{6D2F5E13-D060-417B-AE47-192707123987}.Debug|Any CPU.ActiveCfg = Debug|Any CPU
		{6D2F5E13-D060-417B-AE47-192707123987}.Debug|Any CPU.Build.0 = Debug|Any CPU
		{6D2F5E13-D060-417B-AE47-192707123987}.Release|Any CPU.ActiveCfg = Release|Any CPU
		{6D2F5E13-D060-417B-AE47-192707123987}.Release|Any CPU.Build.0 = Release|Any CPU
		{3DE81194-47DD-4915-8C4A-89C331752192}.Debug|Any CPU.ActiveCfg = Debug|Any CPU
		{3DE81194-47DD-4915-8C4A-89C331752192}.Debug|Any CPU.Build.0 = Debug|Any CPU
		{3DE81194-47DD-4915-8C4A-89C331752192}.Release|Any CPU.ActiveCfg = Release|Any CPU
		{3DE81194-47DD-4915-8C4A-89C331752192}.Release|Any CPU.Build.0 = Release|Any CPU
		{DB15ED40-8AF5-4399-8251-125EB8C912FF}.Debug|Any CPU.ActiveCfg = Debug|Any CPU
		{DB15ED40-8AF5-4399-8251-125EB8C912FF}.Debug|Any CPU.Build.0 = Debug|Any CPU
		{DB15ED40-8AF5-4399-8251-125EB8C912FF}.Release|Any CPU.ActiveCfg = Release|Any CPU
		{DB15ED40-8AF5-4399-8251-125EB8C912FF}.Release|Any CPU.Build.0 = Release|Any CPU
		{8A6B991A-8FC0-4C29-8FD5-4367C5BCD6B0}.Debug|Any CPU.ActiveCfg = Debug|Any CPU
		{8A6B991A-8FC0-4C29-8FD5-4367C5BCD6B0}.Debug|Any CPU.Build.0 = Debug|Any CPU
		{8A6B991A-8FC0-4C29-8FD5-4367C5BCD6B0}.Release|Any CPU.ActiveCfg = Release|Any CPU
		{8A6B991A-8FC0-4C29-8FD5-4367C5BCD6B0}.Release|Any CPU.Build.0 = Release|Any CPU
		{05270054-2E45-4DD8-99B1-E84B24D8A385}.Debug|Any CPU.ActiveCfg = Debug|Any CPU
		{05270054-2E45-4DD8-99B1-E84B24D8A385}.Debug|Any CPU.Build.0 = Debug|Any CPU
		{05270054-2E45-4DD8-99B1-E84B24D8A385}.Release|Any CPU.ActiveCfg = Release|Any CPU
		{05270054-2E45-4DD8-99B1-E84B24D8A385}.Release|Any CPU.Build.0 = Release|Any CPU
		{82E89E46-EACF-480A-9D7E-031D4D814D43}.Debug|Any CPU.ActiveCfg = Debug|Any CPU
		{82E89E46-EACF-480A-9D7E-031D4D814D43}.Debug|Any CPU.Build.0 = Debug|Any CPU
		{82E89E46-EACF-480A-9D7E-031D4D814D43}.Release|Any CPU.ActiveCfg = Release|Any CPU
		{82E89E46-EACF-480A-9D7E-031D4D814D43}.Release|Any CPU.Build.0 = Release|Any CPU
		{8568DCCA-E276-4D70-A84D-C26D804331CB}.Debug|Any CPU.ActiveCfg = Debug|Any CPU
		{8568DCCA-E276-4D70-A84D-C26D804331CB}.Debug|Any CPU.Build.0 = Debug|Any CPU
		{8568DCCA-E276-4D70-A84D-C26D804331CB}.Release|Any CPU.ActiveCfg = Release|Any CPU
		{8568DCCA-E276-4D70-A84D-C26D804331CB}.Release|Any CPU.Build.0 = Release|Any CPU
		{10E9E5BD-A64E-40BA-BD85-DC3DC3EB8521}.Debug|Any CPU.ActiveCfg = Debug|Any CPU
		{10E9E5BD-A64E-40BA-BD85-DC3DC3EB8521}.Debug|Any CPU.Build.0 = Debug|Any CPU
		{10E9E5BD-A64E-40BA-BD85-DC3DC3EB8521}.Release|Any CPU.ActiveCfg = Release|Any CPU
		{10E9E5BD-A64E-40BA-BD85-DC3DC3EB8521}.Release|Any CPU.Build.0 = Release|Any CPU
		{5ABEC1A1-1F97-46AA-9BE3-00DCED399E45}.Debug|Any CPU.ActiveCfg = Debug|Any CPU
		{5ABEC1A1-1F97-46AA-9BE3-00DCED399E45}.Debug|Any CPU.Build.0 = Debug|Any CPU
		{5ABEC1A1-1F97-46AA-9BE3-00DCED399E45}.Release|Any CPU.ActiveCfg = Release|Any CPU
		{5ABEC1A1-1F97-46AA-9BE3-00DCED399E45}.Release|Any CPU.Build.0 = Release|Any CPU
		{2F499303-F94E-414C-A361-0F56D60DC3E6}.Debug|Any CPU.ActiveCfg = Debug|Any CPU
		{2F499303-F94E-414C-A361-0F56D60DC3E6}.Debug|Any CPU.Build.0 = Debug|Any CPU
		{2F499303-F94E-414C-A361-0F56D60DC3E6}.Release|Any CPU.ActiveCfg = Release|Any CPU
		{2F499303-F94E-414C-A361-0F56D60DC3E6}.Release|Any CPU.Build.0 = Release|Any CPU
	EndGlobalSection
	GlobalSection(SolutionProperties) = preSolution
		HideSolutionNode = FALSE
	EndGlobalSection
	GlobalSection(NestedProjects) = preSolution
		{7E711C35-BCC4-4F74-BB2F-3291DC12C332} = {DB6D0D7D-34F4-4ABF-9B15-444A29F4D43B}
		{A7D587E6-68D7-43CE-B4FB-EBD502AAEC79} = {DB6D0D7D-34F4-4ABF-9B15-444A29F4D43B}
		{A956F23D-3FB7-4711-B683-E0EED169E2A7} = {DB6D0D7D-34F4-4ABF-9B15-444A29F4D43B}
		{20766CD5-9964-41A4-B7AA-82256C25CF16} = {DB6D0D7D-34F4-4ABF-9B15-444A29F4D43B}
		{6D2F5E13-D060-417B-AE47-192707123987} = {DB6D0D7D-34F4-4ABF-9B15-444A29F4D43B}
		{3DE81194-47DD-4915-8C4A-89C331752192} = {39E934A0-933E-4798-B3F8-FD23CA77C052}
		{DB15ED40-8AF5-4399-8251-125EB8C912FF} = {39E934A0-933E-4798-B3F8-FD23CA77C052}
		{8A6B991A-8FC0-4C29-8FD5-4367C5BCD6B0} = {39E934A0-933E-4798-B3F8-FD23CA77C052}
		{05270054-2E45-4DD8-99B1-E84B24D8A385} = {39E934A0-933E-4798-B3F8-FD23CA77C052}
		{82E89E46-EACF-480A-9D7E-031D4D814D43} = {39E934A0-933E-4798-B3F8-FD23CA77C052}
		{8568DCCA-E276-4D70-A84D-C26D804331CB} = {B3987C98-BFF8-419B-9D5F-01E489F0F7CA}
		{10E9E5BD-A64E-40BA-BD85-DC3DC3EB8521} = {B3987C98-BFF8-419B-9D5F-01E489F0F7CA}
		{5ABEC1A1-1F97-46AA-9BE3-00DCED399E45} = {B3987C98-BFF8-419B-9D5F-01E489F0F7CA}
		{2F499303-F94E-414C-A361-0F56D60DC3E6} = {B3987C98-BFF8-419B-9D5F-01E489F0F7CA}
	EndGlobalSection
	GlobalSection(ExtensibilityGlobals) = postSolution
		SolutionGuid = {39DD9868-16D2-471E-A2EE-42CB01A4E822}
	EndGlobalSection
EndGlobal
